
Microsoft Visual Studio Solution File, Format Version 12.00
# Visual Studio Version 16
VisualStudioVersion = 16.0.31624.102
MinimumVisualStudioVersion = 10.0.40219.1
Project("{FAE04EC0-301F-11D3-BF4B-00C04F79EFBC}") = "ConsoleAppEFCoreEnum", "ConsoleAppEFCoreEnum.csproj", "{AE6FC9B0-F5A2-4CC7-AC1E-37A9A3B513CC}"
EndProject
Global
	GlobalSection(SolutionConfigurationPlatforms) = preSolution
		Debug|Any CPU = Debug|Any CPU
		Release|Any CPU = Release|Any CPU
	EndGlobalSection
	GlobalSection(ProjectConfigurationPlatforms) = postSolution
		{AE6FC9B0-F5A2-4CC7-AC1E-37A9A3B513CC}.Debug|Any CPU.ActiveCfg = Debug|Any CPU
		{AE6FC9B0-F5A2-4CC7-AC1E-37A9A3B513CC}.Debug|Any CPU.Build.0 = Debug|Any CPU
		{AE6FC9B0-F5A2-4CC7-AC1E-37A9A3B513CC}.Release|Any CPU.ActiveCfg = Release|Any CPU
		{AE6FC9B0-F5A2-4CC7-AC1E-37A9A3B513CC}.Release|Any CPU.Build.0 = Release|Any CPU
	EndGlobalSection
	GlobalSection(SolutionProperties) = preSolution
		HideSolutionNode = FALSE
	EndGlobalSection
	GlobalSection(ExtensibilityGlobals) = postSolution
		SolutionGuid = {EF44C9F0-B7F4-4C25-A874-4FE72E337A8B}
	EndGlobalSection
EndGlobal
